PODS:
  - Flutter (1.0.0)
  - naver_map_plugin (0.9.4):
    - Flutter
    - NMapsMap-Legacy
  - NMapsGeometry (1.0.1)
  - NMapsMap-Legacy (3.16.2):
    - NMapsGeometry

DEPENDENCIES:
  - Flutter (from `Flutter`)
  - naver_map_plugin (from `.symlinks/plugins/naver_map_plugin/ios`)
  - NMapsMap-Legacy (= 3.16.2)

SPEC REPOS:
  https://github.com/navermaps/NMapsMapLegacySpecs.git:
    - NMapsGeometry
    - NMapsMap-Legacy

EXTERNAL SOURCES:
  Flutter:
    :path: Flutter
  naver_map_plugin:
    :path: ".symlinks/plugins/naver_map_plugin/ios"

SPEC CHECKSUMS:
  Flutter: e0871f40cf51350855a761d2e70bf5af5b9b5de7
  naver_map_plugin: cf6c167c0249e58fc45526a6508b1a6153ed2e91
  NMapsGeometry: 909ff399c6eaa4ca8c8d0317445b9e5ee745a5d5
  NMapsMap-Legacy: 27a9000906b6b303f8500db1aa101283bfeda26c

PODFILE CHECKSUM: a34280f1d1cc19a7c44654ba8250880ecfba29bd

COCOAPODS: 1.15.2
